Microsoft Visual Studio Solution File, Format Version 12.00
# Visual Studio Version 16
VisualStudioVersion = 16.0.29806.167
MinimumVisualStudioVersion = 10.0.40219.1
Project("{9A19103F-16F7-4668-BE54-9A1E7A4F7556}") = "MyAirport.Console", "MyAirport.Console.csproj", "{AEF01705-7AB3-491D-8528-4236F4C0D4D2}"
EndProject
Project("{9A19103F-16F7-4668-BE54-9A1E7A4F7556}") = "MyAirport.EF", "..\MyAirport.EF\MyAirport.EF.csproj", "{2170EA4D-2E14-4A8D-B908-4E6BA9248326}"
EndProject
Project("{FAE04EC0-301F-11D3-BF4B-00C04F79EFBC}") = "MyAirportApi", "..\MyAirportApi\MyAirportApi.csproj", "{2CA897AA-7A82-4720-B0E8-B07C6DE82AC8}"
EndProject
Global
	GlobalSection(SolutionConfigurationPlatforms) = preSolution
		Debug|Any CPU = Debug|Any CPU
		Release|Any CPU = Release|Any CPU
	EndGlobalSection
	GlobalSection(ProjectConfigurationPlatforms) = postSolution
		{AEF01705-7AB3-491D-8528-4236F4C0D4D2}.Debug|Any CPU.ActiveCfg = Debug|Any CPU
		{AEF01705-7AB3-491D-8528-4236F4C0D4D2}.Debug|Any CPU.Build.0 = Debug|Any CPU
		{AEF01705-7AB3-491D-8528-4236F4C0D4D2}.Release|Any CPU.ActiveCfg = Release|Any CPU
		{AEF01705-7AB3-491D-8528-4236F4C0D4D2}.Release|Any CPU.Build.0 = Release|Any CPU
		{2170EA4D-2E14-4A8D-B908-4E6BA9248326}.Debug|Any CPU.ActiveCfg = Debug|Any CPU
		{2170EA4D-2E14-4A8D-B908-4E6BA9248326}.Debug|Any CPU.Build.0 = Debug|Any CPU
		{2170EA4D-2E14-4A8D-B908-4E6BA9248326}.Release|Any CPU.ActiveCfg = Release|Any CPU
		{2170EA4D-2E14-4A8D-B908-4E6BA9248326}.Release|Any CPU.Build.0 = Release|Any CPU
		{2CA897AA-7A82-4720-B0E8-B07C6DE82AC8}.Debug|Any CPU.ActiveCfg = Debug|Any CPU
		{2CA897AA-7A82-4720-B0E8-B07C6DE82AC8}.Debug|Any CPU.Build.0 = Debug|Any CPU
		{2CA897AA-7A82-4720-B0E8-B07C6DE82AC8}.Release|Any CPU.ActiveCfg = Release|Any CPU
		{2CA897AA-7A82-4720-B0E8-B07C6DE82AC8}.Release|Any CPU.Build.0 = Release|Any CPU
	EndGlobalSection
	GlobalSection(SolutionProperties) = preSolution
		HideSolutionNode = FALSE
	EndGlobalSection
	GlobalSection(ExtensibilityGlobals) = postSolution
		SolutionGuid = {B301AC67-D8D7-47E1-A652-68E1054AB077}
	EndGlobalSection
EndGlobal
